// !$*UTF8*$!
{
	archiveVersion = 1;
	classes = {
	};
	objectVersion = 55;
	objects = {

/* Begin PBXBuildFile section */
		410154D628B7A5B000B23694 /* ApiResponse.swift in Sources */ = {isa = PBXBuildFile; fileRef = 410154D528B7A5B000B23694 /* ApiResponse.swift */; };
		410154D828B7B4ED00B23694 /* AllDishes.swift in Sources */ = {isa = PBXBuildFile; fileRef = 410154D728B7B4EC00B23694 /* AllDishes.swift */; };
		410294F228B3A8AB00A8F51E /* DishListTableViewCell.swift in Sources */ = {isa = PBXBuildFile; fileRef = 410294F028B3A8AB00A8F51E /* DishListTableViewCell.swift */; };
		410294F328B3A8AB00A8F51E /* DishListTableViewCell.xib in Resources */ = {isa = PBXBuildFile; fileRef = 410294F128B3A8AB00A8F51E /* DishListTableViewCell.xib */; };
		410294F628B3AD6C00A8F51E /* ListDishesTableViewController.swift in Sources */ = {isa = PBXBuildFile; fileRef = 410294F528B3AD6C00A8F51E /* ListDishesTableViewController.swift */; };
		410294F928B3B60D00A8F51E /* ListOrdersTableViewController.swift in Sources */ = {isa = PBXBuildFile; fileRef = 410294F828B3B60C00A8F51E /* ListOrdersTableViewController.swift */; };
		410294FB28B3B73200A8F51E /* Order.swift in Sources */ = {isa = PBXBuildFile; fileRef = 410294FA28B3B73200A8F51E /* Order.swift */; };
		412C6ABA28AD1879002DCEA9 /* String+Extension.swift in Sources */ = {isa = PBXBuildFile; fileRef = 412C6AB928AD1879002DCEA9 /* String+Extension.swift */; };
		412C6ABD28AD20D9002DCEA9 /* CardView.swift in Sources */ = {isa = PBXBuildFile; fileRef = 412C6ABC28AD20D8002DCEA9 /* CardView.swift */; };
		4151778828AE521D00975FAE /* DishPortraitCollectionViewCell.swift in Sources */ = {isa = PBXBuildFile; fileRef = 4151778628AE521D00975FAE /* DishPortraitCollectionViewCell.swift */; };
		4151778928AE521D00975FAE /* DishPortraitCollectionViewCell.xib in Resources */ = {isa = PBXBuildFile; fileRef = 4151778728AE521D00975FAE /* DishPortraitCollectionViewCell.xib */; };
		4151778B28AE57C200975FAE /* Dish.swift in Sources */ = {isa = PBXBuildFile; fileRef = 4151778A28AE57C100975FAE /* Dish.swift */; };
		4151778F28AE62BB00975FAE /* DishLandscapeCollectionViewCell.swift in Sources */ = {isa = PBXBuildFile; fileRef = 4151778D28AE62BB00975FAE /* DishLandscapeCollectionViewCell.swift */; };
		4151779028AE62BB00975FAE /* DishLandscapeCollectionViewCell.xib in Resources */ = {isa = PBXBuildFile; fileRef = 4151778E28AE62BB00975FAE /* DishLandscapeCollectionViewCell.xib */; };
		4166FBF928ACF357002B6A43 /* HomeViewController.swift in Sources */ = {isa = PBXBuildFile; fileRef = 4166FBF828ACF357002B6A43 /* HomeViewController.swift */; };
		4166FBFE28AD0B43002B6A43 /* CategoryCollectionViewCell.swift in Sources */ = {isa = PBXBuildFile; fileRef = 4166FBFC28AD0B43002B6A43 /* CategoryCollectionViewCell.swift */; };
		4166FBFF28AD0B43002B6A43 /* CategoryCollectionViewCell.xib in Resources */ = {isa = PBXBuildFile; fileRef = 4166FBFD28AD0B43002B6A43 /* CategoryCollectionViewCell.xib */; };
		4166FC0128AD0EB7002B6A43 /* DishCategory.swift in Sources */ = {isa = PBXBuildFile; fileRef = 4166FC0028AD0EB7002B6A43 /* DishCategory.swift */; };
		416F7F1D28AB94ED003C12C9 /* AppDelegate.swift in Sources */ = {isa = PBXBuildFile; fileRef = 416F7F1C28AB94ED003C12C9 /* AppDelegate.swift */; };
		416F7F1F28AB94ED003C12C9 /* SceneDelegate.swift in Sources */ = {isa = PBXBuildFile; fileRef = 416F7F1E28AB94ED003C12C9 /* SceneDelegate.swift */; };
		416F7F2428AB94ED003C12C9 /* Main.storyboard in Resources */ = {isa = PBXBuildFile; fileRef = 416F7F2228AB94ED003C12C9 /* Main.storyboard */; };
		416F7F2628AB94F7003C12C9 /* Assets.xcassets in Resources */ = {isa = PBXBuildFile; fileRef = 416F7F2528AB94F7003C12C9 /* Assets.xcassets */; };
		416F7F2928AB94F7003C12C9 /* LaunchScreen.storyboard in Resources */ = {isa = PBXBuildFile; fileRef = 416F7F2728AB94F7003C12C9 /* LaunchScreen.storyboard */; };
		416F7F3528ABB4CC003C12C9 /* OnBoardingViewController.swift in Sources */ = {isa = PBXBuildFile; fileRef = 416F7F3428ABB4CC003C12C9 /* OnBoardingViewController.swift */; };
		416F7F3828ABB734003C12C9 /* UIView+Extension.swift in Sources */ = {isa = PBXBuildFile; fileRef = 416F7F3728ABB734003C12C9 /* UIView+Extension.swift */; };
		416F7F3A28ABB907003C12C9 /* OnboardingSlide.swift in Sources */ = {isa = PBXBuildFile; fileRef = 416F7F3928ABB907003C12C9 /* OnboardingSlide.swift */; };
		416F7F3C28ABBC3C003C12C9 /* OnboardingCollectionViewCell.swift in Sources */ = {isa = PBXBuildFile; fileRef = 416F7F3B28ABBC3B003C12C9 /* OnboardingCollectionViewCell.swift */; };
		416F7F3E28ABC1FA003C12C9 /* UIImage+Extension.swift in Sources */ = {isa = PBXBuildFile; fileRef = 416F7F3D28ABC1FA003C12C9 /* UIImage+Extension.swift */; };
		418BCF4428B8F34B00B43AD8 /* UserDefaults+Extension.swift in Sources */ = {isa = PBXBuildFile; fileRef = 418BCF4328B8F34B00B43AD8 /* UserDefaults+Extension.swift */; };
		41ABA83A28AF97B300DB6833 /* DishDetailViewController.swift in Sources */ = {isa = PBXBuildFile; fileRef = 41ABA83928AF97B300DB6833 /* DishDetailViewController.swift */; };
		41ABA83C28AFA06800DB6833 /* UIViewController+Extension.swift in Sources */ = {isa = PBXBuildFile; fileRef = 41ABA83B28AFA06800DB6833 /* UIViewController+Extension.swift */; };
		41C0DDF528B620F100346880 /* NetworkService.swift in Sources */ = {isa = PBXBuildFile; fileRef = 41C0DDF428B620F100346880 /* NetworkService.swift */; };
		41C0DDF728B6217400346880 /* Route.swift in Sources */ = {isa = PBXBuildFile; fileRef = 41C0DDF628B6217400346880 /* Route.swift */; };
		41C0DDF928B621F800346880 /* Method.swift in Sources */ = {isa = PBXBuildFile; fileRef = 41C0DDF828B621F800346880 /* Method.swift */; };
		41C0DDFB28B628E700346880 /* AppError.swift in Sources */ = {isa = PBXBuildFile; fileRef = 41C0DDFA28B628E700346880 /* AppError.swift */; };
		E23B7C04AACF19AE6D0ABCCC /* Pods_Yummie.framework in Frameworks */ = {isa = PBXBuildFile; fileRef = E0E39001E3BC6BCFD8B1A0EC /* Pods_Yummie.framework */; };
/* End PBXBuildFile section */

/* Begin PBXFileReference section */
		08897A6BB7199385D23B39B2 /* Pods-Yummie.debug.xcconfig */ = {isa = PBXFileReference; includeInIndex = 1; lastKnownFileType = text.xcconfig; name = "Pods-Yummie.debug.xcconfig"; path = "Target Support Files/Pods-Yummie/Pods-Yummie.debug.xcconfig"; sourceTree = "<group>"; };
		410154D528B7A5B000B23694 /* ApiResponse.swift */ = {isa = PBXFileReference; lastKnownFileType = sourcecode.swift; path = ApiResponse.swift; sourceTree = "<group>"; };
		410154D728B7B4EC00B23694 /* AllDishes.swift */ = {isa = PBXFileReference; lastKnownFileType = sourcecode.swift; path = AllDishes.swift; sourceTree = "<group>"; };
		410294F028B3A8AB00A8F51E /* DishListTableViewCell.swift */ = {isa = PBXFileReference; lastKnownFileType = sourcecode.swift; path = DishListTableViewCell.swift; sourceTree = "<group>"; };
		410294F128B3A8AB00A8F51E /* DishListTableViewCell.xib */ = {isa = PBXFileReference; lastKnownFileType = file.xib; path = DishListTableViewCell.xib; sourceTree = "<group>"; };
		410294F528B3AD6C00A8F51E /* ListDishesTableViewController.swift */ = {isa = PBXFileReference; lastKnownFileType = sourcecode.swift; path = ListDishesTableViewController.swift; sourceTree = "<group>"; };
		410294F828B3B60C00A8F51E /* ListOrdersTableViewController.swift */ = {isa = PBXFileReference; lastKnownFileType = sourcecode.swift; path = ListOrdersTableViewController.swift; sourceTree = "<group>"; };
		410294FA28B3B73200A8F51E /* Order.swift */ = {isa = PBXFileReference; lastKnownFileType = sourcecode.swift; path = Order.swift; sourceTree = "<group>"; };
		412C6AB928AD1879002DCEA9 /* String+Extension.swift */ = {isa = PBXFileReference; lastKnownFileType = sourcecode.swift; path = "String+Extension.swift"; sourceTree = "<group>"; };
		412C6ABC28AD20D8002DCEA9 /* CardView.swift */ = {isa = PBXFileReference; lastKnownFileType = sourcecode.swift; path = CardView.swift; sourceTree = "<group>"; };
		4151778628AE521D00975FAE /* DishPortraitCollectionViewCell.swift */ = {isa = PBXFileReference; lastKnownFileType = sourcecode.swift; path = DishPortraitCollectionViewCell.swift; sourceTree = "<group>"; };
		4151778728AE521D00975FAE /* DishPortraitCollectionViewCell.xib */ = {isa = PBXFileReference; lastKnownFileType = file.xib; path = DishPortraitCollectionViewCell.xib; sourceTree = "<group>"; };
		4151778A28AE57C100975FAE /* Dish.swift */ = {isa = PBXFileReference; lastKnownFileType = sourcecode.swift; path = Dish.swift; sourceTree = "<group>"; };
		4151778D28AE62BB00975FAE /* DishLandscapeCollectionViewCell.swift */ = {isa = PBXFileReference; lastKnownFileType = sourcecode.swift; path = DishLandscapeCollectionViewCell.swift; sourceTree = "<group>"; };
		4151778E28AE62BB00975FAE /* DishLandscapeCollectionViewCell.xib */ = {isa = PBXFileReference; lastKnownFileType = file.xib; path = DishLandscapeCollectionViewCell.xib; sourceTree = "<group>"; };
		4166FBF828ACF357002B6A43 /* HomeViewController.swift */ = {isa = PBXFileReference; lastKnownFileType = sourcecode.swift; path = HomeViewController.swift; sourceTree = "<group>"; };
		4166FBFC28AD0B43002B6A43 /* CategoryCollectionViewCell.swift */ = {isa = PBXFileReference; lastKnownFileType = sourcecode.swift; path = CategoryCollectionViewCell.swift; sourceTree = "<group>"; };
		4166FBFD28AD0B43002B6A43 /* CategoryCollectionViewCell.xib */ = {isa = PBXFileReference; lastKnownFileType = file.xib; path = CategoryCollectionViewCell.xib; sourceTree = "<group>"; };
		4166FC0028AD0EB7002B6A43 /* DishCategory.swift */ = {isa = PBXFileReference; lastKnownFileType = sourcecode.swift; path = DishCategory.swift; sourceTree = "<group>"; };
		416F7F1928AB94ED003C12C9 /* Yummie.app */ = {isa = PBXFileReference; explicitFileType = wrapper.application; includeInIndex = 0; path = Yummie.app; sourceTree = BUILT_PRODUCTS_DIR; };
		416F7F1C28AB94ED003C12C9 /* AppDelegate.swift */ = {isa = PBXFileReference; lastKnownFileType = sourcecode.swift; path = AppDelegate.swift; sourceTree = "<group>"; };
		416F7F1E28AB94ED003C12C9 /* SceneDelegate.swift */ = {isa = PBXFileReference; lastKnownFileType = sourcecode.swift; path = SceneDelegate.swift; sourceTree = "<group>"; };
		416F7F2328AB94ED003C12C9 /* Base */ = {isa = PBXFileReference; lastKnownFileType = file.storyboard; name = Base; path = Base.lproj/Main.storyboard; sourceTree = "<group>"; };
		416F7F2528AB94F7003C12C9 /* Assets.xcassets */ = {isa = PBXFileReference; lastKnownFileType = folder.assetcatalog; path = Assets.xcassets; sourceTree = "<group>"; };
		416F7F2828AB94F7003C12C9 /* Base */ = {isa = PBXFileReference; lastKnownFileType = file.storyboard; name = Base; path = Base.lproj/LaunchScreen.storyboard; sourceTree = "<group>"; };
		416F7F2A28AB94F7003C12C9 /* Info.plist */ = {isa = PBXFileReference; lastKnownFileType = text.plist.xml; path = Info.plist; sourceTree = "<group>"; };
		416F7F3428ABB4CC003C12C9 /* OnBoardingViewController.swift */ = {isa = PBXFileReference; lastKnownFileType = sourcecode.swift; path = OnBoardingViewController.swift; sourceTree = "<group>"; };
		416F7F3728ABB734003C12C9 /* UIView+Extension.swift */ = {isa = PBXFileReference; lastKnownFileType = sourcecode.swift; path = "UIView+Extension.swift"; sourceTree = "<group>"; };
		416F7F3928ABB907003C12C9 /* OnboardingSlide.swift */ = {isa = PBXFileReference; lastKnownFileType = sourcecode.swift; path = OnboardingSlide.swift; sourceTree = "<group>"; };
		416F7F3B28ABBC3B003C12C9 /* OnboardingCollectionViewCell.swift */ = {isa = PBXFileReference; lastKnownFileType = sourcecode.swift; path = OnboardingCollectionViewCell.swift; sourceTree = "<group>"; };
		416F7F3D28ABC1FA003C12C9 /* UIImage+Extension.swift */ = {isa = PBXFileReference; lastKnownFileType = sourcecode.swift; path = "UIImage+Extension.swift"; sourceTree = "<group>"; };
		418BCF4328B8F34B00B43AD8 /* UserDefaults+Extension.swift */ = {isa = PBXFileReference; lastKnownFileType = sourcecode.swift; path = "UserDefaults+Extension.swift"; sourceTree = "<group>"; };
		41ABA83928AF97B300DB6833 /* DishDetailViewController.swift */ = {isa = PBXFileReference; lastKnownFileType = sourcecode.swift; path = DishDetailViewController.swift; sourceTree = "<group>"; };
		41ABA83B28AFA06800DB6833 /* UIViewController+Extension.swift */ = {isa = PBXFileReference; lastKnownFileType = sourcecode.swift; path = "UIViewController+Extension.swift"; sourceTree = "<group>"; };
		41C0DDF428B620F100346880 /* NetworkService.swift */ = {isa = PBXFileReference; lastKnownFileType = sourcecode.swift; path = NetworkService.swift; sourceTree = "<group>"; };
		41C0DDF628B6217400346880 /* Route.swift */ = {isa = PBXFileReference; lastKnownFileType = sourcecode.swift; path = Route.swift; sourceTree = "<group>"; };
		41C0DDF828B621F800346880 /* Method.swift */ = {isa = PBXFileReference; lastKnownFileType = sourcecode.swift; path = Method.swift; sourceTree = "<group>"; };
		41C0DDFA28B628E700346880 /* AppError.swift */ = {isa = PBXFileReference; lastKnownFileType = sourcecode.swift; path = AppError.swift; sourceTree = "<group>"; };
		74862C688C29080A742B7D56 /* Pods-Yummie.release.xcconfig */ = {isa = PBXFileReference; includeInIndex = 1; lastKnownFileType = text.xcconfig; name = "Pods-Yummie.release.xcconfig"; path = "Target Support Files/Pods-Yummie/Pods-Yummie.release.xcconfig"; sourceTree = "<group>"; };
		E0E39001E3BC6BCFD8B1A0EC /* Pods_Yummie.framework */ = {isa = PBXFileReference; explicitFileType = wrapper.framework; includeInIndex = 0; path = Pods_Yummie.framework; sourceTree = BUILT_PRODUCTS_DIR; };
/* End PBXFileReference section */

/* Begin PBXFrameworksBuildPhase section */
		416F7F1628AB94ED003C12C9 /* Frameworks */ = {
			isa = PBXFrameworksBuildPhase;
			buildActionMask = 2147483647;
			files = (
				E23B7C04AACF19AE6D0ABCCC /* Pods_Yummie.framework in Frameworks */,
			);
			runOnlyForDeploymentPostprocessing = 0;
		};
/* End PBXFrameworksBuildPhase section */

/* Begin PBXGroup section */
		095831B373155AB0BFD54F52 /* Pods */ = {
			isa = PBXGroup;
			children = (
				08897A6BB7199385D23B39B2 /* Pods-Yummie.debug.xcconfig */,
				74862C688C29080A742B7D56 /* Pods-Yummie.release.xcconfig */,
			);
			path = Pods;
			sourceTree = "<group>";
		};
		410294EE28B3A84000A8F51E /* TableViewCells */ = {
			isa = PBXGroup;
			children = (
				410294EF28B3A85C00A8F51E /* DishListTableViewCell */,
			);
			path = TableViewCells;
			sourceTree = "<group>";
		};
		410294EF28B3A85C00A8F51E /* DishListTableViewCell */ = {
			isa = PBXGroup;
			children = (
				410294F028B3A8AB00A8F51E /* DishListTableViewCell.swift */,
				410294F128B3A8AB00A8F51E /* DishListTableViewCell.xib */,
			);
			path = DishListTableViewCell;
			sourceTree = "<group>";
		};
		410294F428B3AD4200A8F51E /* ListDishes */ = {
			isa = PBXGroup;
			children = (
				410294F528B3AD6C00A8F51E /* ListDishesTableViewController.swift */,
			);
			path = ListDishes;
			sourceTree = "<group>";
		};
		410294F728B3B51600A8F51E /* ListOrders */ = {
			isa = PBXGroup;
			children = (
				410294F828B3B60C00A8F51E /* ListOrdersTableViewController.swift */,
			);
			path = ListOrders;
			sourceTree = "<group>";
		};
		412C6ABB28AD20B2002DCEA9 /* CardView */ = {
			isa = PBXGroup;
			children = (
				412C6ABC28AD20D8002DCEA9 /* CardView.swift */,
			);
			path = CardView;
			sourceTree = "<group>";
		};
		4151778528AE51D800975FAE /* DishPortraitCollectionViewCell */ = {
			isa = PBXGroup;
			children = (
				4151778628AE521D00975FAE /* DishPortraitCollectionViewCell.swift */,
				4151778728AE521D00975FAE /* DishPortraitCollectionViewCell.xib */,
			);
			path = DishPortraitCollectionViewCell;
			sourceTree = "<group>";
		};
		4151778C28AE619600975FAE /* DishLandscapeCollectionViewCell */ = {
			isa = PBXGroup;
			children = (
				4151778D28AE62BB00975FAE /* DishLandscapeCollectionViewCell.swift */,
				4151778E28AE62BB00975FAE /* DishLandscapeCollectionViewCell.xib */,
			);
			path = DishLandscapeCollectionViewCell;
			sourceTree = "<group>";
		};
		4166FBF728ACF331002B6A43 /* Home */ = {
			isa = PBXGroup;
			children = (
				4166FBF828ACF357002B6A43 /* HomeViewController.swift */,
			);
			path = Home;
			sourceTree = "<group>";
		};
		4166FBFA28AD0AFE002B6A43 /* CollectionViewCells */ = {
			isa = PBXGroup;
			children = (
				4151778C28AE619600975FAE /* DishLandscapeCollectionViewCell */,
				4151778528AE51D800975FAE /* DishPortraitCollectionViewCell */,
				4166FBFB28AD0B0E002B6A43 /* CategoryCollectionViewCell */,
			);
			path = CollectionViewCells;
			sourceTree = "<group>";
		};
		4166FBFB28AD0B0E002B6A43 /* CategoryCollectionViewCell */ = {
			isa = PBXGroup;
			children = (
				4166FBFC28AD0B43002B6A43 /* CategoryCollectionViewCell.swift */,
				4166FBFD28AD0B43002B6A43 /* CategoryCollectionViewCell.xib */,
			);
			path = CategoryCollectionViewCell;
			sourceTree = "<group>";
		};
		416F7F1028AB94EC003C12C9 = {
			isa = PBXGroup;
			children = (
				416F7F1B28AB94ED003C12C9 /* Yummie */,
				416F7F1A28AB94ED003C12C9 /* Products */,
				095831B373155AB0BFD54F52 /* Pods */,
				52BFDC7AC2F8A410ED8A4ECF /* Frameworks */,
			);
			sourceTree = "<group>";
		};
		416F7F1A28AB94ED003C12C9 /* Products */ = {
			isa = PBXGroup;
			children = (
				416F7F1928AB94ED003C12C9 /* Yummie.app */,
			);
			name = Products;
			sourceTree = "<group>";
		};
		416F7F1B28AB94ED003C12C9 /* Yummie */ = {
			isa = PBXGroup;
			children = (
				41C0DDF328B620DA00346880 /* Networking */,
				416F7F3628ABB707003C12C9 /* Extension */,
				416F7F3228ABB49C003C12C9 /* CustomView */,
				416F7F3128ABB496003C12C9 /* View */,
				416F7F3028ABB488003C12C9 /* Model */,
				416F7F1C28AB94ED003C12C9 /* AppDelegate.swift */,
				416F7F1E28AB94ED003C12C9 /* SceneDelegate.swift */,
				416F7F2228AB94ED003C12C9 /* Main.storyboard */,
				416F7F2528AB94F7003C12C9 /* Assets.xcassets */,
				416F7F2728AB94F7003C12C9 /* LaunchScreen.storyboard */,
				416F7F2A28AB94F7003C12C9 /* Info.plist */,
			);
			path = Yummie;
			sourceTree = "<group>";
		};
		416F7F3028ABB488003C12C9 /* Model */ = {
			isa = PBXGroup;
			children = (
				416F7F3928ABB907003C12C9 /* OnboardingSlide.swift */,
				4166FC0028AD0EB7002B6A43 /* DishCategory.swift */,
				4151778A28AE57C100975FAE /* Dish.swift */,
				410294FA28B3B73200A8F51E /* Order.swift */,
				410154D728B7B4EC00B23694 /* AllDishes.swift */,
			);
			path = Model;
			sourceTree = "<group>";
		};
		416F7F3128ABB496003C12C9 /* View */ = {
			isa = PBXGroup;
			children = (
				410294F728B3B51600A8F51E /* ListOrders */,
				410294F428B3AD4200A8F51E /* ListDishes */,
				41ABA83828AF979200DB6833 /* Dish Detail */,
				4166FBF728ACF331002B6A43 /* Home */,
				416F7F3328ABB4AA003C12C9 /* Onboarding */,
			);
			path = View;
			sourceTree = "<group>";
		};
		416F7F3228ABB49C003C12C9 /* CustomView */ = {
			isa = PBXGroup;
			children = (
				410294EE28B3A84000A8F51E /* TableViewCells */,
				412C6ABB28AD20B2002DCEA9 /* CardView */,
				4166FBFA28AD0AFE002B6A43 /* CollectionViewCells */,
			);
			path = CustomView;
			sourceTree = "<group>";
		};
		416F7F3328ABB4AA003C12C9 /* Onboarding */ = {
			isa = PBXGroup;
			children = (
				416F7F3428ABB4CC003C12C9 /* OnBoardingViewController.swift */,
				416F7F3B28ABBC3B003C12C9 /* OnboardingCollectionViewCell.swift */,
			);
			path = Onboarding;
			sourceTree = "<group>";
		};
		416F7F3628ABB707003C12C9 /* Extension */ = {
			isa = PBXGroup;
			children = (
				418BCF4328B8F34B00B43AD8 /* UserDefaults+Extension.swift */,
				416F7F3728ABB734003C12C9 /* UIView+Extension.swift */,
				416F7F3D28ABC1FA003C12C9 /* UIImage+Extension.swift */,
				412C6AB928AD1879002DCEA9 /* String+Extension.swift */,
				41ABA83B28AFA06800DB6833 /* UIViewController+Extension.swift */,
			);
			path = Extension;
			sourceTree = "<group>";
		};
		41ABA83828AF979200DB6833 /* Dish Detail */ = {
			isa = PBXGroup;
			children = (
				41ABA83928AF97B300DB6833 /* DishDetailViewController.swift */,
			);
			path = "Dish Detail";
			sourceTree = "<group>";
		};
		41C0DDF328B620DA00346880 /* Networking */ = {
			isa = PBXGroup;
			children = (
				41C0DDF428B620F100346880 /* NetworkService.swift */,
				41C0DDF628B6217400346880 /* Route.swift */,
				41C0DDF828B621F800346880 /* Method.swift */,
				41C0DDFA28B628E700346880 /* AppError.swift */,
				410154D528B7A5B000B23694 /* ApiResponse.swift */,
			);
			path = Networking;
			sourceTree = "<group>";
		};
		52BFDC7AC2F8A410ED8A4ECF /* Frameworks */ = {
			isa = PBXGroup;
			children = (
				E0E39001E3BC6BCFD8B1A0EC /* Pods_Yummie.framework */,
			);
			name = Frameworks;
			sourceTree = "<group>";
		};
/* End PBXGroup section */

/* Begin PBXNativeTarget section */
		416F7F1828AB94ED003C12C9 /* Yummie */ = {
			isa = PBXNativeTarget;
			buildConfigurationList = 416F7F2D28AB94F8003C12C9 /* Build configuration list for PBXNativeTarget "Yummie" */;
			buildPhases = (
				3647DCE7088BA60DF7E3702E /* [CP] Check Pods Manifest.lock */,
				416F7F1528AB94ED003C12C9 /* Sources */,
				416F7F1628AB94ED003C12C9 /* Frameworks */,
				416F7F1728AB94ED003C12C9 /* Resources */,
				A6AB71569DCB88F9B7D8812B /* [CP] Embed Pods Frameworks */,
			);
			buildRules = (
			);
			dependencies = (
			);
			name = Yummie;
			productName = Yummie;
			productReference = 416F7F1928AB94ED003C12C9 /* Yummie.app */;
			productType = "com.apple.product-type.application";
		};
/* End PBXNativeTarget section */

/* Begin PBXProject section */
		416F7F1128AB94EC003C12C9 /* Project object */ = {
			isa = PBXProject;
			attributes = {
				BuildIndependentTargetsInParallel = 1;
				LastSwiftUpdateCheck = 1320;
				LastUpgradeCheck = 1320;
				TargetAttributes = {
					416F7F1828AB94ED003C12C9 = {
						CreatedOnToolsVersion = 13.2.1;
					};
				};
			};
			buildConfigurationList = 416F7F1428AB94EC003C12C9 /* Build configuration list for PBXProject "Yummie" */;
			compatibilityVersion = "Xcode 13.0";
			developmentRegion = en;
			hasScannedForEncodings = 0;
			knownRegions = (
				en,
				Base,
			);
			mainGroup = 416F7F1028AB94EC003C12C9;
			productRefGroup = 416F7F1A28AB94ED003C12C9 /* Products */;
			projectDirPath = "";
			projectRoot = "";
			targets = (
				416F7F1828AB94ED003C12C9 /* Yummie */,
			);
		};
/* End PBXProject section */

/* Begin PBXResourcesBuildPhase section */
		416F7F1728AB94ED003C12C9 /* Resources */ = {
			isa = PBXResourcesBuildPhase;
			buildActionMask = 2147483647;
			files = (
				4166FBFF28AD0B43002B6A43 /* CategoryCollectionViewCell.xib in Resources */,
				410294F328B3A8AB00A8F51E /* DishListTableViewCell.xib in Resources */,
				416F7F2928AB94F7003C12C9 /* LaunchScreen.storyboard in Resources */,
				4151778928AE521D00975FAE /* DishPortraitCollectionViewCell.xib in Resources */,
				416F7F2628AB94F7003C12C9 /* Assets.xcassets in Resources */,
				4151779028AE62BB00975FAE /* DishLandscapeCollectionViewCell.xib in Resources */,
				416F7F2428AB94ED003C12C9 /* Main.storyboard in Resources */,
			);
			runOnlyForDeploymentPostprocessing = 0;
		};
/* End PBXResourcesBuildPhase section */

/* Begin PBXShellScriptBuildPhase section */
		3647DCE7088BA60DF7E3702E /* [CP] Check Pods Manifest.lock */ = {
			isa = PBXShellScriptBuildPhase;
			buildActionMask = 2147483647;
			files = (
			);
			inputFileListPaths = (
			);
			inputPaths = (
				"${PODS_PODFILE_DIR_PATH}/Podfile.lock",
				"${PODS_ROOT}/Manifest.lock",
			);
			name = "[CP] Check Pods Manifest.lock";
			outputFileListPaths = (
			);
			outputPaths = (
				"$(DERIVED_FILE_DIR)/Pods-Yummie-checkManifestLockResult.txt",
			);
			runOnlyForDeploymentPostprocessing = 0;
			shellPath = /bin/sh;
			shellScript = "diff \"${PODS_PODFILE_DIR_PATH}/Podfile.lock\" \"${PODS_ROOT}/Manifest.lock\" > /dev/null\nif [ $? != 0 ] ; then\n    # print error to STDERR\n    echo \"error: The sandbox is not in sync with the Podfile.lock. Run 'pod install' or update your CocoaPods installation.\" >&2\n    exit 1\nfi\n# This output is used by Xcode 'outputs' to avoid re-running this script phase.\necho \"SUCCESS\" > \"${SCRIPT_OUTPUT_FILE_0}\"\n";
			showEnvVarsInLog = 0;
		};
		A6AB71569DCB88F9B7D8812B /* [CP] Embed Pods Frameworks */ = {
			isa = PBXShellScriptBuildPhase;
			buildActionMask = 2147483647;
			files = (
			);
			inputFileListPaths = (
				"${PODS_ROOT}/Target Support Files/Pods-Yummie/Pods-Yummie-frameworks-${CONFIGURATION}-input-files.xcfilelist",
			);
			name = "[CP] Embed Pods Frameworks";
			outputFileListPaths = (
				"${PODS_ROOT}/Target Support Files/Pods-Yummie/Pods-Yummie-frameworks-${CONFIGURATION}-output-files.xcfilelist",
			);
			runOnlyForDeploymentPostprocessing = 0;
			shellPath = /bin/sh;
			shellScript = "\"${PODS_ROOT}/Target Support Files/Pods-Yummie/Pods-Yummie-frameworks.sh\"\n";
			showEnvVarsInLog = 0;
		};
/* End PBXShellScriptBuildPhase section */

/* Begin PBXSourcesBuildPhase section */
		416F7F1528AB94ED003C12C9 /* Sources */ = {
			isa = PBXSourcesBuildPhase;
			buildActionMask = 2147483647;
			files = (
				41C0DDF528B620F100346880 /* NetworkService.swift in Sources */,
				416F7F3A28ABB907003C12C9 /* OnboardingSlide.swift in Sources */,
				412C6ABA28AD1879002DCEA9 /* String+Extension.swift in Sources */,
				4151778F28AE62BB00975FAE /* DishLandscapeCollectionViewCell.swift in Sources */,
				41ABA83A28AF97B300DB6833 /* DishDetailViewController.swift in Sources */,
				410154D628B7A5B000B23694 /* ApiResponse.swift in Sources */,
				418BCF4428B8F34B00B43AD8 /* UserDefaults+Extension.swift in Sources */,
				41ABA83C28AFA06800DB6833 /* UIViewController+Extension.swift in Sources */,
				410294F228B3A8AB00A8F51E /* DishListTableViewCell.swift in Sources */,
				410294FB28B3B73200A8F51E /* Order.swift in Sources */,
				41C0DDF928B621F800346880 /* Method.swift in Sources */,
				4166FC0128AD0EB7002B6A43 /* DishCategory.swift in Sources */,
				41C0DDF728B6217400346880 /* Route.swift in Sources */,
				416F7F3E28ABC1FA003C12C9 /* UIImage+Extension.swift in Sources */,
				416F7F1D28AB94ED003C12C9 /* AppDelegate.swift in Sources */,
				410154D828B7B4ED00B23694 /* AllDishes.swift in Sources */,
				4166FBF928ACF357002B6A43 /* HomeViewController.swift in Sources */,
				4151778828AE521D00975FAE /* DishPortraitCollectionViewCell.swift in Sources */,
				4166FBFE28AD0B43002B6A43 /* CategoryCollectionViewCell.swift in Sources */,
				410294F928B3B60D00A8F51E /* ListOrdersTableViewController.swift in Sources */,
				41C0DDFB28B628E700346880 /* AppError.swift in Sources */,
				416F7F1F28AB94ED003C12C9 /* SceneDelegate.swift in Sources */,
				4151778B28AE57C200975FAE /* Dish.swift in Sources */,
				410294F628B3AD6C00A8F51E /* ListDishesTableViewController.swift in Sources */,
				416F7F3828ABB734003C12C9 /* UIView+Extension.swift in Sources */,
				416F7F3528ABB4CC003C12C9 /* OnBoardingViewController.swift in Sources */,
				412C6ABD28AD20D9002DCEA9 /* CardView.swift in Sources */,
				416F7F3C28ABBC3C003C12C9 /* OnboardingCollectionViewCell.swift in Sources */,
			);
			runOnlyForDeploymentPostprocessing = 0;
		};
/* End PBXSourcesBuildPhase section */

/* Begin PBXVariantGroup section */
		416F7F2228AB94ED003C12C9 /* Main.storyboard */ = {
			isa = PBXVariantGroup;
			children = (
				416F7F2328AB94ED003C12C9 /* Base */,
			);
			name = Main.storyboard;
			sourceTree = "<group>";
		};
		416F7F2728AB94F7003C12C9 /* LaunchScreen.storyboard */ = {
			isa = PBXVariantGroup;
			children = (
				416F7F2828AB94F7003C12C9 /* Base */,
			);
			name = LaunchScreen.storyboard;
			sourceTree = "<group>";
		};
/* End PBXVariantGroup section */

/* Begin XCBuildConfiguration section */
		416F7F2B28AB94F7003C12C9 /* Debug */ = {
			isa = XCBuildConfiguration;
			buildSettings = {
				ALWAYS_SEARCH_USER_PATHS = NO;
				CLANG_ANALYZER_NONNULL = YES;
				CLANG_ANALYZER_NUMBER_OBJECT_CONVERSION = YES_AGGRESSIVE;
				CLANG_CXX_LANGUAGE_STANDARD = "gnu++17";
				CLANG_CXX_LIBRARY = "libc++";
				CLANG_ENABLE_MODULES = YES;
				CLANG_ENABLE_OBJC_ARC = YES;
				CLANG_ENABLE_OBJC_WEAK = YES;
				CLANG_WARN_BLOCK_CAPTURE_AUTORELEASING = YES;
				CLANG_WARN_BOOL_CONVERSION = YES;
				CLANG_WARN_COMMA = YES;
				CLANG_WARN_CONSTANT_CONVERSION = YES;
				CLANG_WARN_DEPRECATED_OBJC_IMPLEMENTATIONS = YES;
				CLANG_WARN_DIRECT_OBJC_ISA_USAGE = YES_ERROR;
				CLANG_WARN_DOCUMENTATION_COMMENTS = YES;
				CLANG_WARN_EMPTY_BODY = YES;
				CLANG_WARN_ENUM_CONVERSION = YES;
				CLANG_WARN_INFINITE_RECURSION = YES;
				CLANG_WARN_INT_CONVERSION = YES;
				CLANG_WARN_NON_LITERAL_NULL_CONVERSION = YES;
				CLANG_WARN_OBJC_IMPLICIT_RETAIN_SELF = YES;
				CLANG_WARN_OBJC_LITERAL_CONVERSION = YES;
				CLANG_WARN_OBJC_ROOT_CLASS = YES_ERROR;
				CLANG_WARN_QUOTED_INCLUDE_IN_FRAMEWORK_HEADER = YES;
				CLANG_WARN_RANGE_LOOP_ANALYSIS = YES;
				CLANG_WARN_STRICT_PROTOTYPES = YES;
				CLANG_WARN_SUSPICIOUS_MOVE = YES;
				CLANG_WARN_UNGUARDED_AVAILABILITY = YES_AGGRESSIVE;
				CLANG_WARN_UNREACHABLE_CODE = YES;
				CLANG_WARN__DUPLICATE_METHOD_MATCH = YES;
				COPY_PHASE_STRIP = NO;
				DEBUG_INFORMATION_FORMAT = dwarf;
				ENABLE_STRICT_OBJC_MSGSEND = YES;
				ENABLE_TESTABILITY = YES;
				GCC_C_LANGUAGE_STANDARD = gnu11;
				GCC_DYNAMIC_NO_PIC = NO;
				GCC_NO_COMMON_BLOCKS = YES;
				GCC_OPTIMIZATION_LEVEL = 0;
				GCC_PREPROCESSOR_DEFINITIONS = (
					"DEBUG=1",
					"$(inherited)",
				);
				GCC_WARN_64_TO_32_BIT_CONVERSION = YES;
				GCC_WARN_ABOUT_RETURN_TYPE = YES_ERROR;
				GCC_WARN_UNDECLARED_SELECTOR = YES;
				GCC_WARN_UNINITIALIZED_AUTOS = YES_AGGRESSIVE;
				GCC_WARN_UNUSED_FUNCTION = YES;
				GCC_WARN_UNUSED_VARIABLE = YES;
				IPHONEOS_DEPLOYMENT_TARGET = 15.2;
				MTL_ENABLE_DEBUG_INFO = INCLUDE_SOURCE;
				MTL_FAST_MATH = YES;
				ONLY_ACTIVE_ARCH = YES;
				SDKROOT = iphoneos;
				SWIFT_ACTIVE_COMPILATION_CONDITIONS = DEBUG;
				SWIFT_OPTIMIZATION_LEVEL = "-Onone";
			};
			name = Debug;
		};
		416F7F2C28AB94F8003C12C9 /* Release */ = {
			isa = XCBuildConfiguration;
			buildSettings = {
				ALWAYS_SEARCH_USER_PATHS = NO;
				CLANG_ANALYZER_NONNULL = YES;
				CLANG_ANALYZER_NUMBER_OBJECT_CONVERSION = YES_AGGRESSIVE;
				CLANG_CXX_LANGUAGE_STANDARD = "gnu++17";
				CLANG_CXX_LIBRARY = "libc++";
				CLANG_ENABLE_MODULES = YES;
				CLANG_ENABLE_OBJC_ARC = YES;
				CLANG_ENABLE_OBJC_WEAK = YES;
				CLANG_WARN_BLOCK_CAPTURE_AUTORELEASING = YES;
				CLANG_WARN_BOOL_CONVERSION = YES;
				CLANG_WARN_COMMA = YES;
				CLANG_WARN_CONSTANT_CONVERSION = YES;
				CLANG_WARN_DEPRECATED_OBJC_IMPLEMENTATIONS = YES;
				CLANG_WARN_DIRECT_OBJC_ISA_USAGE = YES_ERROR;
				CLANG_WARN_DOCUMENTATION_COMMENTS = YES;
				CLANG_WARN_EMPTY_BODY = YES;
				CLANG_WARN_ENUM_CONVERSION = YES;
				CLANG_WARN_INFINITE_RECURSION = YES;
				CLANG_WARN_INT_CONVERSION = YES;
				CLANG_WARN_NON_LITERAL_NULL_CONVERSION = YES;
				CLANG_WARN_OBJC_IMPLICIT_RETAIN_SELF = YES;
				CLANG_WARN_OBJC_LITERAL_CONVERSION = YES;
				CLANG_WARN_OBJC_ROOT_CLASS = YES_ERROR;
				CLANG_WARN_QUOTED_INCLUDE_IN_FRAMEWORK_HEADER = YES;
				CLANG_WARN_RANGE_LOOP_ANALYSIS = YES;
				CLANG_WARN_STRICT_PROTOTYPES = YES;
				CLANG_WARN_SUSPICIOUS_MOVE = YES;
				CLANG_WARN_UNGUARDED_AVAILABILITY = YES_AGGRESSIVE;
				CLANG_WARN_UNREACHABLE_CODE = YES;
				CLANG_WARN__DUPLICATE_METHOD_MATCH = YES;
				COPY_PHASE_STRIP = NO;
				DEBUG_INFORMATION_FORMAT = "dwarf-with-dsym";
				ENABLE_NS_ASSERTIONS = NO;
				ENABLE_STRICT_OBJC_MSGSEND = YES;
				GCC_C_LANGUAGE_STANDARD = gnu11;
				GCC_NO_COMMON_BLOCKS = YES;
				GCC_WARN_64_TO_32_BIT_CONVERSION = YES;
				GCC_WARN_ABOUT_RETURN_TYPE = YES_ERROR;
				GCC_WARN_UNDECLARED_SELECTOR = YES;
				GCC_WARN_UNINITIALIZED_AUTOS = YES_AGGRESSIVE;
				GCC_WARN_UNUSED_FUNCTION = YES;
				GCC_WARN_UNUSED_VARIABLE = YES;
				IPHONEOS_DEPLOYMENT_TARGET = 15.2;
				MTL_ENABLE_DEBUG_INFO = NO;
				MTL_FAST_MATH = YES;
				SDKROOT = iphoneos;
				SWIFT_COMPILATION_MODE = wholemodule;
				SWIFT_OPTIMIZATION_LEVEL = "-O";
				VALIDATE_PRODUCT = YES;
			};
			name = Release;
		};
		416F7F2E28AB94F8003C12C9 /* Debug */ = {
			isa = XCBuildConfiguration;
			baseConfigurationReference = 08897A6BB7199385D23B39B2 /* Pods-Yummie.debug.xcconfig */;
			buildSettings = {
				ASSETCATALOG_COMPILER_APPICON_NAME = AppIcon;
				ASSETCATALOG_COMPILER_GLOBAL_ACCENT_COLOR_NAME = AccentColor;
				CODE_SIGN_STYLE = Automatic;
				CURRENT_PROJECT_VERSION = 1;
				DEVELOPMENT_TEAM = UMLAGLZ8L9;
				GENERATE_INFOPLIST_FILE = YES;
				INFOPLIST_FILE = Yummie/Info.plist;
				INFOPLIST_KEY_UIApplicationSupportsIndirectInputEvents = YES;
				INFOPLIST_KEY_UILaunchStoryboardName = LaunchScreen;
				INFOPLIST_KEY_UISupportedInterfaceOrientations_iPad = "UIInterfaceOrientationPortrait UIInterfaceOrientationPortraitUpsideDown UIInterfaceOrientationLandscapeLeft UIInterfaceOrientationLandscapeRight";
				INFOPLIST_KEY_UISupportedInterfaceOrientations_iPhone = "UIInterfaceOrientationPortrait UIInterfaceOrientationLandscapeLeft UIInterfaceOrientationLandscapeRight";
				IPHONEOS_DEPLOYMENT_TARGET = 15.0;
				LD_RUNPATH_SEARCH_PATHS = (
					"$(inherited)",
					"@executable_path/Frameworks",
				);
				MARKETING_VERSION = 1.0;
				PRODUCT_BUNDLE_IDENTIFIER = com.morvai.Yummie;
				PRODUCT_NAME = "$(TARGET_NAME)";
				SWIFT_EMIT_LOC_STRINGS = YES;
				SWIFT_VERSION = 5.0;
				TARGETED_DEVICE_FAMILY = "1,2";
			};
			name = Debug;
		};
		416F7F2F28AB94F8003C12C9 /* Release */ = {
			isa = XCBuildConfiguration;
			baseConfigurationReference = 74862C688C29080A742B7D56 /* Pods-Yummie.release.xcconfig */;
			buildSettings = {
				ASSETCATALOG_COMPILER_APPICON_NAME = AppIcon;
				ASSETCATALOG_COMPILER_GLOBAL_ACCENT_COLOR_NAME = AccentColor;
				CODE_SIGN_STYLE = Automatic;
				CURRENT_PROJECT_VERSION = 1;
				DEVELOPMENT_TEAM = UMLAGLZ8L9;
				GENERATE_INFOPLIST_FILE = YES;
				INFOPLIST_FILE = Yummie/Info.plist;
				INFOPLIST_KEY_UIApplicationSupportsIndirectInputEvents = YES;
				INFOPLIST_KEY_UILaunchStoryboardName = LaunchScreen;
				INFOPLIST_KEY_UISupportedInterfaceOrientations_iPad = "UIInterfaceOrientationPortrait UIInterfaceOrientationPortraitUpsideDown UIInterfaceOrientationLandscapeLeft UIInterfaceOrientationLandscapeRight";
				INFOPLIST_KEY_UISupportedInterfaceOrientations_iPhone = "UIInterfaceOrientationPortrait UIInterfaceOrientationLandscapeLeft UIInterfaceOrientationLandscapeRight";
				IPHONEOS_DEPLOYMENT_TARGET = 15.0;
				LD_RUNPATH_SEARCH_PATHS = (
					"$(inherited)",
					"@executable_path/Frameworks",
				);
				MARKETING_VERSION = 1.0;
				PRODUCT_BUNDLE_IDENTIFIER = com.morvai.Yummie;
				PRODUCT_NAME = "$(TARGET_NAME)";
				SWIFT_EMIT_LOC_STRINGS = YES;
				SWIFT_VERSION = 5.0;
				TARGETED_DEVICE_FAMILY = "1,2";
			};
			name = Release;
		};
/* End XCBuildConfiguration section */

/* Begin XCConfigurationList section */
		416F7F1428AB94EC003C12C9 /* Build configuration list for PBXProject "Yummie" */ = {
			isa = XCConfigurationList;
			buildConfigurations = (
				416F7F2B28AB94F7003C12C9 /* Debug */,
				416F7F2C28AB94F8003C12C9 /* Release */,
			);
			defaultConfigurationIsVisible = 0;
			defaultConfigurationName = Release;
		};
		416F7F2D28AB94F8003C12C9 /* Build configuration list for PBXNativeTarget "Yummie" */ = {
			isa = XCConfigurationList;
			buildConfigurations = (
				416F7F2E28AB94F8003C12C9 /* Debug */,
				416F7F2F28AB94F8003C12C9 /* Release */,
			);
			defaultConfigurationIsVisible = 0;
			defaultConfigurationName = Release;
		};
/* End XCConfigurationList section */
	};
	rootObject = 416F7F1128AB94EC003C12C9 /* Project object */;
}
